# This file is automatically @generated by Poetry 1.6.1 and should not be changed by hand.

[metadata]
content-hash = "a3eb074231dbff52a86eaf515fe7cc5750360a33b70a8b57f59de2c26489d641"
lock-version = "2.0"
python-versions = "^3.8"

[[package]]
description = "Classes Without Boilerplate"
files = [
  {file = "attrs-23.2.0-py3-none-any.whl", hash = "sha256:99b87a485a5820b23b879f04c2305b44b951b502fd64be915879d77a7e8fc6f1"},
  {file = "attrs-23.2.0.tar.gz", hash = "sha256:935dc3b529c262f6cf76e50877d35a4bd3c1de194fd41f47a2b7ae8f19971f30"}
]
name = "attrs"
optional = false
python-versions = ">=3.7"
version = "23.2.0"

[package.extras]
cov = ["attrs[tests]", "coverage[toml] (>=5.3)"]
dev = ["attrs[tests]", "pre-commit"]
docs = ["furo", "myst-parser", "sphinx", "sphinx-notfound-page", "sphinxcontrib-towncrier", "towncrier", "zope-interface"]
tests = ["attrs[tests-no-zope]", "zope-interface"]
tests-mypy = ["mypy (>=1.6)", "pytest-mypy-plugins"]
tests-no-zope = ["attrs[tests-mypy]", "cloudpickle", "hypothesis", "pympler", "pytest (>=4.3.0)", "pytest-xdist[psutil]"]

[[package]]
description = "Cross-platform colored terminal text."
files = [
  {file = "colorama-0.4.6-py2.py3-none-any.whl", hash = "sha256:4f1d9991f5acc0ca119f9d443620b77f9d6b33703e51011c16baf57afb285fc6"},
  {file = "colorama-0.4.6.tar.gz", hash = "sha256:08695f5cb7ed6e0531a20572697297273c47b8cae5a63ffc6d6ed5c201be6e44"}
]
name = "colorama"
optional = false
python-versions = "!=3.0.*,!=3.1.*,!=3.2.*,!=3.3.*,!=3.4.*,!=3.5.*,!=3.6.*,>=2.7"
version = "0.4.6"

[[package]]
description = "Backport of PEP 654 (exception groups)"
files = [
  {file = "exceptiongroup-1.2.0-py3-none-any.whl", hash = "sha256:4bfd3996ac73b41e9b9628b04e079f193850720ea5945fc96a08633c66912f14"},
  {file = "exceptiongroup-1.2.0.tar.gz", hash = "sha256:91f5c769735f051a4290d52edd0858999b57e5876e9f85937691bd4c9fa3ed68"}
]
name = "exceptiongroup"
optional = false
python-versions = ">=3.7"
version = "1.2.0"

[package.extras]
test = ["pytest (>=6)"]

[[package]]
description = "A library for property-based testing"
files = [
  {file = "hypothesis-6.100.0-py3-none-any.whl", hash = "sha256:ceaeb7c051085dbec37f2fc4dca524b6304472ff1887fed53b3d84705507c10e"},
  {file = "hypothesis-6.100.0.tar.gz", hash = "sha256:1841f6b5083844cd4b66965e44a17c0dc8fe8e9c6370c1f7b8d50647fcb2efd3"}
]
name = "hypothesis"
optional = false
python-versions = ">=3.8"
version = "6.100.0"

[package.dependencies]
attrs = ">=22.2.0"
exceptiongroup = {version = ">=1.0.0", markers = "python_version < \"3.11\""}
sortedcontainers = ">=2.1.0,<3.0.0"

[package.extras]
all = ["backports.zoneinfo (>=0.2.1)", "black (>=19.10b0)", "click (>=7.0)", "crosshair-tool (>=0.0.54)", "django (>=3.2)", "dpcontracts (>=0.4)", "hypothesis-crosshair (>=0.0.2)", "lark (>=0.10.1)", "libcst (>=0.3.16)", "numpy (>=1.17.3)", "pandas (>=1.1)", "pytest (>=4.6)", "python-dateutil (>=1.4)", "pytz (>=2014.1)", "redis (>=3.0.0)", "rich (>=9.0.0)", "tzdata (>=2024.1)"]
cli = ["black (>=19.10b0)", "click (>=7.0)", "rich (>=9.0.0)"]
codemods = ["libcst (>=0.3.16)"]
crosshair = ["crosshair-tool (>=0.0.54)", "hypothesis-crosshair (>=0.0.2)"]
dateutil = ["python-dateutil (>=1.4)"]
django = ["django (>=3.2)"]
dpcontracts = ["dpcontracts (>=0.4)"]
ghostwriter = ["black (>=19.10b0)"]
lark = ["lark (>=0.10.1)"]
numpy = ["numpy (>=1.17.3)"]
pandas = ["pandas (>=1.1)"]
pytest = ["pytest (>=4.6)"]
pytz = ["pytz (>=2014.1)"]
redis = ["redis (>=3.0.0)"]
zoneinfo = ["backports.zoneinfo (>=0.2.1)", "tzdata (>=2024.1)"]

[[package]]
description = "brain-dead simple config-ini parsing"
files = [
  {file = "iniconfig-2.0.0-py3-none-any.whl", hash = "sha256:b6a85871a79d2e3b22d2d1b94ac2824226a63c6b741c88f7ae975f18b6778374"},
  {file = "iniconfig-2.0.0.tar.gz", hash = "sha256:2d91e135bf72d31a410b17c16da610a82cb55f6b0477d1a902134b24a455b8b3"}
]
name = "iniconfig"
optional = false
python-versions = ">=3.7"
version = "2.0.0"

[[package]]
description = "Core utilities for Python packages"
files = [
  {file = "packaging-24.0-py3-none-any.whl", hash = "sha256:2ddfb553fdf02fb784c234c7ba6ccc288296ceabec964ad2eae3777778130bc5"},
  {file = "packaging-24.0.tar.gz", hash = "sha256:eb82c5e3e56209074766e6885bb04b8c38a0c015d0a30036ebe7ece34c9989e9"}
]
name = "packaging"
optional = false
python-versions = ">=3.7"
version = "24.0"

[[package]]
description = "plugin and hook calling mechanisms for python"
files = [
  {file = "pluggy-1.4.0-py3-none-any.whl", hash = "sha256:7db9f7b503d67d1c5b95f59773ebb58a8c1c288129a88665838012cfb07b8981"},
  {file = "pluggy-1.4.0.tar.gz", hash = "sha256:8c85c2876142a764e5b7548e7d9a0e0ddb46f5185161049a79b7e974454223be"}
]
name = "pluggy"
optional = false
python-versions = ">=3.8"
version = "1.4.0"

[package.extras]
dev = ["pre-commit", "tox"]
testing = ["pytest", "pytest-benchmark"]

[[package]]
description = "pytest: simple powerful testing with Python"
files = [
  {file = "pytest-8.1.1-py3-none-any.whl", hash = "sha256:2a8386cfc11fa9d2c50ee7b2a57e7d898ef90470a7a34c4b949ff59662bb78b7"},
  {file = "pytest-8.1.1.tar.gz", hash = "sha256:ac978141a75948948817d360297b7aae0fcb9d6ff6bc9ec6d514b85d5a65c044"}
]
name = "pytest"
optional = false
python-versions = ">=3.8"
version = "8.1.1"

[package.dependencies]
colorama = {version = "*", markers = "sys_platform == \"win32\""}
exceptiongroup = {version = ">=1.0.0rc8", markers = "python_version < \"3.11\""}
iniconfig = "*"
packaging = "*"
pluggy = ">=1.4,<2.0"
tomli = {version = ">=1", markers = "python_version < \"3.11\""}

[package.extras]
testing = ["argcomplete", "attrs (>=19.2)", "hypothesis (>=3.56)", "mock", "pygments (>=2.7.2)", "requests", "setuptools", "xmlschema"]

[[package]]
description = "Sorted Containers -- Sorted List, Sorted Dict, Sorted Set"
files = [
  {file = "sortedcontainers-2.4.0-py2.py3-none-any.whl", hash = "sha256:a163dcaede0f1c021485e957a39245190e74249897e2ae4b2aa38595db237ee0"},
  {file = "sortedcontainers-2.4.0.tar.gz", hash = "sha256:25caa5a06cc30b6b83d11423433f65d1f9d76c4c6a0c90e3379eaa43b9bfdb88"}
]
name = "sortedcontainers"
optional = false
python-versions = "*"
version = "2.4.0"

[[package]]
description = "A lil' TOML parser"
files = [
  {file = "tomli-2.0.1-py3-none-any.whl", hash = "sha256:939de3e7a6161af0c887ef91b7d41a53e7c5a1ca976325f429cb46ea9bc30ecc"},
  {file = "tomli-2.0.1.tar.gz", hash = "sha256:de526c12914f0c550d15924c62d72abc48d6fe7364aa87328337a31007fe8a4f"}
]
name = "tomli"
optional = false
python-versions = ">=3.7"
version = "2.0.1"
